
Microsoft Visual Studio Solution File, Format Version 12.00
# Visual Studio Version 17
VisualStudioVersion = 17.7.34221.43
MinimumVisualStudioVersion = 10.0.40219.1
Project("{FAE04EC0-301F-11D3-BF4B-00C04F79EFBC}") = "ConsoleAppmaniulating jagged arrays", "ConsoleAppmaniulating jagged arrays\ConsoleAppmaniulating jagged arrays.csproj", "{C8498697-2F5B-4CCF-BCC0-D2E091C676A2}"
EndProject
Global
	GlobalSection(SolutionConfigurationPlatforms) = preSolution
		Debug|Any CPU = Debug|Any CPU
		Release|Any CPU = Release|Any CPU
	EndGlobalSection
	GlobalSection(ProjectConfigurationPlatforms) = postSolution
		{C8498697-2F5B-4CCF-BCC0-D2E091C676A2}.Debug|Any CPU.ActiveCfg = Debug|Any CPU
		{C8498697-2F5B-4CCF-BCC0-D2E091C676A2}.Debug|Any CPU.Build.0 = Debug|Any CPU
		{C8498697-2F5B-4CCF-BCC0-D2E091C676A2}.Release|Any CPU.ActiveCfg = Release|Any CPU
		{C8498697-2F5B-4CCF-BCC0-D2E091C676A2}.Release|Any CPU.Build.0 = Release|Any CPU
	EndGlobalSection
	GlobalSection(SolutionProperties) = preSolution
		HideSolutionNode = FALSE
	EndGlobalSection
	GlobalSection(ExtensibilityGlobals) = postSolution
		SolutionGuid = {32AF2ECD-DBFE-4DEA-A7FD-4D00990ABCA7}
	EndGlobalSection
EndGlobal
